Microsoft Visual Studio Solution File, Format Version 12.00
# Visual Studio Version 16
VisualStudioVersion = 16.0.28917.181
MinimumVisualStudioVersion = 10.0.40219.1
Project("{2150E333-8FDC-42A3-9474-1A3956D46DE8}") = "app", "app", "{6BC70ED9-2129-4EB3-A4EC-884770EA4AE2}"
EndProject
Project("{9A19103F-16F7-4668-BE54-9A1E7A4F7556}") = "B2C.App.Api", "src\app\B2C.App.Api\B2C.App.Api.csproj", "{EBADFCFF-5B09-4741-997D-C368406DE118}"
EndProject
Project("{2150E333-8FDC-42A3-9474-1A3956D46DE8}") = "core", "core", "{FE713C7A-47AB-4ED1-A161-E0177412343A}"
EndProject
Project("{9A19103F-16F7-4668-BE54-9A1E7A4F7556}") = "B2C.App.Host", "src\app\B2C.App.Host\B2C.App.Host.csproj", "{C11B4D0B-DCD8-49F1-BDB9-311ED229955F}"
EndProject
Project("{9A19103F-16F7-4668-BE54-9A1E7A4F7556}") = "B2C.Admin.Web", "src\admin\B2C.Admin.Web\B2C.Admin.Web.csproj", "{82F34A8D-52B0-4A7D-A4B8-211899078453}"
EndProject
Project("{2150E333-8FDC-42A3-9474-1A3956D46DE8}") = "message", "message", "{7B9EDE09-13B2-4350-930F-5959D2963D59}"
EndProject
Project("{9A19103F-16F7-4668-BE54-9A1E7A4F7556}") = "B2C.Message.Api", "src\message\B2C.Message.Api\B2C.Message.Api.csproj", "{F0633738-D322-4528-A912-AA94CE4CEAED}"
EndProject
Project("{9A19103F-16F7-4668-BE54-9A1E7A4F7556}") = "B2C.Message.Contract", "src\message\B2C.Message.Contract\B2C.Message.Contract.csproj", "{DD840762-07F0-46D1-AD61-BEF533C0A988}"
EndProject
Project("{9A19103F-16F7-4668-BE54-9A1E7A4F7556}") = "B2C.Message.Contract.Service", "src\message\B2C.Message.Contract.Service\B2C.Message.Contract.Service.csproj", "{77CDCC00-613D-4B2C-8E1A-7715ADC52D6E}"
EndProject
Project("{9A19103F-16F7-4668-BE54-9A1E7A4F7556}") = "B2C.Message.OpenService", "src\message\B2C.Message.OpenService\B2C.Message.OpenService.csproj", "{7567F73F-F0B0-43F3-9385-282D3D5F484F}"
EndProject
Project("{2150E333-8FDC-42A3-9474-1A3956D46DE8}") = "admin", "admin", "{CED882EE-7430-4213-B8C0-4F0B12C82D12}"
EndProject
Project("{9A19103F-16F7-4668-BE54-9A1E7A4F7556}") = "B2C.Message", "src\message\B2C.Message\B2C.Message.csproj", "{B1E57E1F-52C8-4F9B-A211-A8569E4C2E21}"
EndProject
Project("{9A19103F-16F7-4668-BE54-9A1E7A4F7556}") = "B2C.Message.Core", "src\message\B2C.Message.Core\B2C.Message.Core.csproj", "{3F54567A-DBD6-4332-AB62-85B76B0FF759}"
EndProject
Project("{9A19103F-16F7-4668-BE54-9A1E7A4F7556}") = "B2C.Message.SqlData", "src\message\B2C.Message.SqlData\B2C.Message.SqlData.csproj", "{E5D1D863-A2D5-40FC-A827-71D7A23C3E2B}"
EndProject
Project("{9A19103F-16F7-4668-BE54-9A1E7A4F7556}") = "B2C.EasyConfig.Host", "src\core\B2C.EasyConfig.Host\B2C.EasyConfig.Host.csproj", "{818EE041-FC62-4E6A-AC79-0A4C11B31C19}"
EndProject
Project("{9A19103F-16F7-4668-BE54-9A1E7A4F7556}") = "B2C.Admin.Taskschd", "src\admin\B2C.Admin.Taskschd\B2C.Admin.Taskschd.csproj", "{8FDD1F86-6264-4B4F-98A1-14932673AC03}"
EndProject
Project("{9A19103F-16F7-4668-BE54-9A1E7A4F7556}") = "B2C.Infrastructure", "src\core\B2C.Infrastructure\B2C.Infrastructure.csproj", "{D76E4604-5BBB-422D-BBC4-20E0D4ED7C6E}"
EndProject
Project("{9A19103F-16F7-4668-BE54-9A1E7A4F7556}") = "B2C.Calc", "src\core\B2C.Calc\B2C.Calc.csproj", "{08AE5664-9CBE-4FF9-A959-5281B49A7238}"
EndProject
Global
	GlobalSection(SolutionConfigurationPlatforms) = preSolution
		Debug|Any CPU = Debug|Any CPU
		Release|Any CPU = Release|Any CPU
	EndGlobalSection
	GlobalSection(ProjectConfigurationPlatforms) = postSolution
		{EBADFCFF-5B09-4741-997D-C368406DE118}.Debug|Any CPU.ActiveCfg = Debug|Any CPU
		{EBADFCFF-5B09-4741-997D-C368406DE118}.Debug|Any CPU.Build.0 = Debug|Any CPU
		{EBADFCFF-5B09-4741-997D-C368406DE118}.Release|Any CPU.ActiveCfg = Release|Any CPU
		{EBADFCFF-5B09-4741-997D-C368406DE118}.Release|Any CPU.Build.0 = Release|Any CPU
		{C11B4D0B-DCD8-49F1-BDB9-311ED229955F}.Debug|Any CPU.ActiveCfg = Debug|Any CPU
		{C11B4D0B-DCD8-49F1-BDB9-311ED229955F}.Debug|Any CPU.Build.0 = Debug|Any CPU
		{C11B4D0B-DCD8-49F1-BDB9-311ED229955F}.Release|Any CPU.ActiveCfg = Release|Any CPU
		{C11B4D0B-DCD8-49F1-BDB9-311ED229955F}.Release|Any CPU.Build.0 = Release|Any CPU
		{82F34A8D-52B0-4A7D-A4B8-211899078453}.Debug|Any CPU.ActiveCfg = Debug|Any CPU
		{82F34A8D-52B0-4A7D-A4B8-211899078453}.Debug|Any CPU.Build.0 = Debug|Any CPU
		{82F34A8D-52B0-4A7D-A4B8-211899078453}.Release|Any CPU.ActiveCfg = Release|Any CPU
		{82F34A8D-52B0-4A7D-A4B8-211899078453}.Release|Any CPU.Build.0 = Release|Any CPU
		{F0633738-D322-4528-A912-AA94CE4CEAED}.Debug|Any CPU.ActiveCfg = Debug|Any CPU
		{F0633738-D322-4528-A912-AA94CE4CEAED}.Debug|Any CPU.Build.0 = Debug|Any CPU
		{F0633738-D322-4528-A912-AA94CE4CEAED}.Release|Any CPU.ActiveCfg = Release|Any CPU
		{F0633738-D322-4528-A912-AA94CE4CEAED}.Release|Any CPU.Build.0 = Release|Any CPU
		{DD840762-07F0-46D1-AD61-BEF533C0A988}.Debug|Any CPU.ActiveCfg = Debug|Any CPU
		{DD840762-07F0-46D1-AD61-BEF533C0A988}.Debug|Any CPU.Build.0 = Debug|Any CPU
		{DD840762-07F0-46D1-AD61-BEF533C0A988}.Release|Any CPU.ActiveCfg = Release|Any CPU
		{DD840762-07F0-46D1-AD61-BEF533C0A988}.Release|Any CPU.Build.0 = Release|Any CPU
		{77CDCC00-613D-4B2C-8E1A-7715ADC52D6E}.Debug|Any CPU.ActiveCfg = Debug|Any CPU
		{77CDCC00-613D-4B2C-8E1A-7715ADC52D6E}.Debug|Any CPU.Build.0 = Debug|Any CPU
		{77CDCC00-613D-4B2C-8E1A-7715ADC52D6E}.Release|Any CPU.ActiveCfg = Release|Any CPU
		{77CDCC00-613D-4B2C-8E1A-7715ADC52D6E}.Release|Any CPU.Build.0 = Release|Any CPU
		{7567F73F-F0B0-43F3-9385-282D3D5F484F}.Debug|Any CPU.ActiveCfg = Debug|Any CPU
		{7567F73F-F0B0-43F3-9385-282D3D5F484F}.Debug|Any CPU.Build.0 = Debug|Any CPU
		{7567F73F-F0B0-43F3-9385-282D3D5F484F}.Release|Any CPU.ActiveCfg = Release|Any CPU
		{7567F73F-F0B0-43F3-9385-282D3D5F484F}.Release|Any CPU.Build.0 = Release|Any CPU
		{B1E57E1F-52C8-4F9B-A211-A8569E4C2E21}.Debug|Any CPU.ActiveCfg = Debug|Any CPU
		{B1E57E1F-52C8-4F9B-A211-A8569E4C2E21}.Debug|Any CPU.Build.0 = Debug|Any CPU
		{B1E57E1F-52C8-4F9B-A211-A8569E4C2E21}.Release|Any CPU.ActiveCfg = Release|Any CPU
		{B1E57E1F-52C8-4F9B-A211-A8569E4C2E21}.Release|Any CPU.Build.0 = Release|Any CPU
		{3F54567A-DBD6-4332-AB62-85B76B0FF759}.Debug|Any CPU.ActiveCfg = Debug|Any CPU
		{3F54567A-DBD6-4332-AB62-85B76B0FF759}.Debug|Any CPU.Build.0 = Debug|Any CPU
		{3F54567A-DBD6-4332-AB62-85B76B0FF759}.Release|Any CPU.ActiveCfg = Release|Any CPU
		{3F54567A-DBD6-4332-AB62-85B76B0FF759}.Release|Any CPU.Build.0 = Release|Any CPU
		{E5D1D863-A2D5-40FC-A827-71D7A23C3E2B}.Debug|Any CPU.ActiveCfg = Debug|Any CPU
		{E5D1D863-A2D5-40FC-A827-71D7A23C3E2B}.Debug|Any CPU.Build.0 = Debug|Any CPU
		{E5D1D863-A2D5-40FC-A827-71D7A23C3E2B}.Release|Any CPU.ActiveCfg = Release|Any CPU
		{E5D1D863-A2D5-40FC-A827-71D7A23C3E2B}.Release|Any CPU.Build.0 = Release|Any CPU
		{818EE041-FC62-4E6A-AC79-0A4C11B31C19}.Debug|Any CPU.ActiveCfg = Debug|Any CPU
		{818EE041-FC62-4E6A-AC79-0A4C11B31C19}.Debug|Any CPU.Build.0 = Debug|Any CPU
		{818EE041-FC62-4E6A-AC79-0A4C11B31C19}.Release|Any CPU.ActiveCfg = Release|Any CPU
		{818EE041-FC62-4E6A-AC79-0A4C11B31C19}.Release|Any CPU.Build.0 = Release|Any CPU
		{8FDD1F86-6264-4B4F-98A1-14932673AC03}.Debug|Any CPU.ActiveCfg = Debug|Any CPU
		{8FDD1F86-6264-4B4F-98A1-14932673AC03}.Debug|Any CPU.Build.0 = Debug|Any CPU
		{8FDD1F86-6264-4B4F-98A1-14932673AC03}.Release|Any CPU.ActiveCfg = Release|Any CPU
		{8FDD1F86-6264-4B4F-98A1-14932673AC03}.Release|Any CPU.Build.0 = Release|Any CPU
		{D76E4604-5BBB-422D-BBC4-20E0D4ED7C6E}.Debug|Any CPU.ActiveCfg = Debug|Any CPU
		{D76E4604-5BBB-422D-BBC4-20E0D4ED7C6E}.Debug|Any CPU.Build.0 = Debug|Any CPU
		{D76E4604-5BBB-422D-BBC4-20E0D4ED7C6E}.Release|Any CPU.ActiveCfg = Release|Any CPU
		{D76E4604-5BBB-422D-BBC4-20E0D4ED7C6E}.Release|Any CPU.Build.0 = Release|Any CPU
		{08AE5664-9CBE-4FF9-A959-5281B49A7238}.Debug|Any CPU.ActiveCfg = Debug|Any CPU
		{08AE5664-9CBE-4FF9-A959-5281B49A7238}.Debug|Any CPU.Build.0 = Debug|Any CPU
		{08AE5664-9CBE-4FF9-A959-5281B49A7238}.Release|Any CPU.ActiveCfg = Release|Any CPU
		{08AE5664-9CBE-4FF9-A959-5281B49A7238}.Release|Any CPU.Build.0 = Release|Any CPU
	EndGlobalSection
	GlobalSection(SolutionProperties) = preSolution
		HideSolutionNode = FALSE
	EndGlobalSection
	GlobalSection(NestedProjects) = preSolution
		{EBADFCFF-5B09-4741-997D-C368406DE118} = {6BC70ED9-2129-4EB3-A4EC-884770EA4AE2}
		{C11B4D0B-DCD8-49F1-BDB9-311ED229955F} = {6BC70ED9-2129-4EB3-A4EC-884770EA4AE2}
		{82F34A8D-52B0-4A7D-A4B8-211899078453} = {CED882EE-7430-4213-B8C0-4F0B12C82D12}
		{F0633738-D322-4528-A912-AA94CE4CEAED} = {7B9EDE09-13B2-4350-930F-5959D2963D59}
		{DD840762-07F0-46D1-AD61-BEF533C0A988} = {7B9EDE09-13B2-4350-930F-5959D2963D59}
		{77CDCC00-613D-4B2C-8E1A-7715ADC52D6E} = {7B9EDE09-13B2-4350-930F-5959D2963D59}
		{7567F73F-F0B0-43F3-9385-282D3D5F484F} = {7B9EDE09-13B2-4350-930F-5959D2963D59}
		{B1E57E1F-52C8-4F9B-A211-A8569E4C2E21} = {7B9EDE09-13B2-4350-930F-5959D2963D59}
		{3F54567A-DBD6-4332-AB62-85B76B0FF759} = {7B9EDE09-13B2-4350-930F-5959D2963D59}
		{E5D1D863-A2D5-40FC-A827-71D7A23C3E2B} = {7B9EDE09-13B2-4350-930F-5959D2963D59}
		{818EE041-FC62-4E6A-AC79-0A4C11B31C19} = {FE713C7A-47AB-4ED1-A161-E0177412343A}
		{8FDD1F86-6264-4B4F-98A1-14932673AC03} = {CED882EE-7430-4213-B8C0-4F0B12C82D12}
		{D76E4604-5BBB-422D-BBC4-20E0D4ED7C6E} = {FE713C7A-47AB-4ED1-A161-E0177412343A}
		{08AE5664-9CBE-4FF9-A959-5281B49A7238} = {FE713C7A-47AB-4ED1-A161-E0177412343A}
	EndGlobalSection
	GlobalSection(ExtensibilityGlobals) = postSolution
		SolutionGuid = {C38F9724-647E-428D-AF70-2F37AF56515E}
	EndGlobalSection
EndGlobal
